// !$*UTF8*$!
{
	archiveVersion = 1;
	classes = {
	};
	objectVersion = 50;
	objects = {

/* Begin PBXBuildFile section */
		0D5C873C22906CF9002E45E1 /* Api.swift in Sources */ = {isa = PBXBuildFile; fileRef = 0D5C873A22906CF9002E45E1 /* Api.swift */; };
		0D5C873D22906CF9002E45E1 /* ApiClient.swift in Sources */ = {isa = PBXBuildFile; fileRef = 0D5C873B22906CF9002E45E1 /* ApiClient.swift */; };
		53023F7F2290E33B002A4685 /* Category.storyboard in Resources */ = {isa = PBXBuildFile; fileRef = 53023F7E2290E33B002A4685 /* Category.storyboard */; };
		53023F812290F656002A4685 /* CategoryViewController.swift in Sources */ = {isa = PBXBuildFile; fileRef = 53023F802290F656002A4685 /* CategoryViewController.swift */; };
		5302F504229016E10006473E /* MenuViewController.swift in Sources */ = {isa = PBXBuildFile; fileRef = 5302F503229014B80006473E /* MenuViewController.swift */; };
		5302F505229016E50006473E /* Menu.storyboard in Resources */ = {isa = PBXBuildFile; fileRef = 5302F502229014A30006473E /* Menu.storyboard */; };
		53F7F10822900BC2005798C7 /* Question.storyboard in Resources */ = {isa = PBXBuildFile; fileRef = 53F7F10722900BC2005798C7 /* Question.storyboard */; };
		53FB458F2290A18800EBB6A9 /* Squat.storyboard in Resources */ = {isa = PBXBuildFile; fileRef = 53FB458E2290A18700EBB6A9 /* Squat.storyboard */; };
		53FB45912290A25E00EBB6A9 /* SquatViewController.swift in Sources */ = {isa = PBXBuildFile; fileRef = 53FB45902290A25E00EBB6A9 /* SquatViewController.swift */; };
		6A5F737D64FF5B02248805C7 /* Pods_muscle_news_iOS_frontTests.framework in Frameworks */ = {isa = PBXBuildFile; fileRef = A8AE842C8423FE7FD66115D4 /* Pods_muscle_news_iOS_frontTests.framework */; };
		7890E4EF8BFD59BF6CC053C9 /* Pods_muscle_news_iOS_frontUITests.framework in Frameworks */ = {isa = PBXBuildFile; fileRef = 1A134ED66C8F4341B52F26D4 /* Pods_muscle_news_iOS_frontUITests.framework */; };
		84883C0222901988001C42BE /* StartGym.storyboard in Resources */ = {isa = PBXBuildFile; fileRef = 84883C0122901988001C42BE /* StartGym.storyboard */; };
		84883C04229019A0001C42BE /* StartGymViewController.swift in Sources */ = {isa = PBXBuildFile; fileRef = 84883C03229019A0001C42BE /* StartGymViewController.swift */; };
		84883C06229044AE001C42BE /* AVAudioPlayerUtil.swift in Sources */ = {isa = PBXBuildFile; fileRef = 84883C05229044AE001C42BE /* AVAudioPlayerUtil.swift */; };
		84A36DE822905D9C005F98EB /* TrainingJudgement.swift in Sources */ = {isa = PBXBuildFile; fileRef = 84A36DE722905D9C005F98EB /* TrainingJudgement.swift */; };
		84BBC8A82290034C009B9B95 /* AppDelegate.swift in Sources */ = {isa = PBXBuildFile; fileRef = 84BBC8A72290034C009B9B95 /* AppDelegate.swift */; };
		84BBC8AA2290034C009B9B95 /* ViewController.swift in Sources */ = {isa = PBXBuildFile; fileRef = 84BBC8A92290034C009B9B95 /* ViewController.swift */; };
		84BBC8AF2290034D009B9B95 /* Assets.xcassets in Resources */ = {isa = PBXBuildFile; fileRef = 84BBC8AE2290034D009B9B95 /* Assets.xcassets */; };
		84BBC8B22290034D009B9B95 /* LaunchScreen.storyboard in Resources */ = {isa = PBXBuildFile; fileRef = 84BBC8B02290034D009B9B95 /* LaunchScreen.storyboard */; };
		84BBC8BD2290034E009B9B95 /* muscle_news_iOS_frontTests.swift in Sources */ = {isa = PBXBuildFile; fileRef = 84BBC8BC2290034E009B9B95 /* muscle_news_iOS_frontTests.swift */; };
		84BBC8C82290034E009B9B95 /* muscle_news_iOS_frontUITests.swift in Sources */ = {isa = PBXBuildFile; fileRef = 84BBC8C72290034E009B9B95 /* muscle_news_iOS_frontUITests.swift */; };
		9698DC66417FE23BE1B166D9 /* Pods_muscle_news_iOS_front.framework in Frameworks */ = {isa = PBXBuildFile; fileRef = 65A639803A8745134CD10D3E /* Pods_muscle_news_iOS_front.framework */; };
/* End PBXBuildFile section */

/* Begin PBXContainerItemProxy section */
		84BBC8B92290034E009B9B95 /* PBXContainerItemProxy */ = {
			isa = PBXContainerItemProxy;
			containerPortal = 84BBC89C2290034C009B9B95 /* Project object */;
			proxyType = 1;
			remoteGlobalIDString = 84BBC8A32290034C009B9B95;
			remoteInfo = muscle_news_iOS_front;
		};
		84BBC8C42290034E009B9B95 /* PBXContainerItemProxy */ = {
			isa = PBXContainerItemProxy;
			containerPortal = 84BBC89C2290034C009B9B95 /* Project object */;
			proxyType = 1;
			remoteGlobalIDString = 84BBC8A32290034C009B9B95;
			remoteInfo = muscle_news_iOS_front;
		};
/* End PBXContainerItemProxy section */

/* Begin PBXFileReference section */
		0D5C873A22906CF9002E45E1 /* Api.swift */ = {isa = PBXFileReference; fileEncoding = 4; lastKnownFileType = sourcecode.swift; path = Api.swift; sourceTree = "<group>"; };
		0D5C873B22906CF9002E45E1 /* ApiClient.swift */ = {isa = PBXFileReference; fileEncoding = 4; lastKnownFileType = sourcecode.swift; path = ApiClient.swift; sourceTree = "<group>"; };
		1A134ED66C8F4341B52F26D4 /* Pods_muscle_news_iOS_frontUITests.framework */ = {isa = PBXFileReference; explicitFileType = wrapper.framework; includeInIndex = 0; path = Pods_muscle_news_iOS_frontUITests.framework; sourceTree = BUILT_PRODUCTS_DIR; };
		1A693D7A508DDAF8DB6373BF /* Pods-muscle_news_iOS_front.debug.xcconfig */ = {isa = PBXFileReference; includeInIndex = 1; lastKnownFileType = text.xcconfig; name = "Pods-muscle_news_iOS_front.debug.xcconfig"; path = "Pods/Target Support Files/Pods-muscle_news_iOS_front/Pods-muscle_news_iOS_front.debug.xcconfig"; sourceTree = "<group>"; };
		53023F7E2290E33B002A4685 /* Category.storyboard */ = {isa = PBXFileReference; lastKnownFileType = file.storyboard; path = Category.storyboard; sourceTree = "<group>"; };
		53023F802290F656002A4685 /* CategoryViewController.swift */ = {isa = PBXFileReference; lastKnownFileType = sourcecode.swift; path = CategoryViewController.swift; sourceTree = "<group>"; };
		5302F502229014A30006473E /* Menu.storyboard */ = {isa = PBXFileReference; lastKnownFileType = file.storyboard; path = Menu.storyboard; sourceTree = "<group>"; };
		5302F503229014B80006473E /* MenuViewController.swift */ = {isa = PBXFileReference; lastKnownFileType = sourcecode.swift; path = MenuViewController.swift; sourceTree = "<group>"; };
		53F7F10722900BC2005798C7 /* Question.storyboard */ = {isa = PBXFileReference; lastKnownFileType = file.storyboard; path = Question.storyboard; sourceTree = "<group>"; };
		53FB458E2290A18700EBB6A9 /* Squat.storyboard */ = {isa = PBXFileReference; fileEncoding = 4; lastKnownFileType = file.storyboard; path = Squat.storyboard; sourceTree = "<group>"; };
		53FB45902290A25E00EBB6A9 /* SquatViewController.swift */ = {isa = PBXFileReference; lastKnownFileType = sourcecode.swift; path = SquatViewController.swift; sourceTree = "<group>"; };
		5C67B006489D71AA70B04632 /* Pods-muscle_news_iOS_front.release.xcconfig */ = {isa = PBXFileReference; includeInIndex = 1; lastKnownFileType = text.xcconfig; name = "Pods-muscle_news_iOS_front.release.xcconfig"; path = "Pods/Target Support Files/Pods-muscle_news_iOS_front/Pods-muscle_news_iOS_front.release.xcconfig"; sourceTree = "<group>"; };
		65A639803A8745134CD10D3E /* Pods_muscle_news_iOS_front.framework */ = {isa = PBXFileReference; explicitFileType = wrapper.framework; includeInIndex = 0; path = Pods_muscle_news_iOS_front.framework; sourceTree = BUILT_PRODUCTS_DIR; };
		84883C0122901988001C42BE /* StartGym.storyboard */ = {isa = PBXFileReference; lastKnownFileType = file.storyboard; path = StartGym.storyboard; sourceTree = "<group>"; };
		84883C03229019A0001C42BE /* StartGymViewController.swift */ = {isa = PBXFileReference; lastKnownFileType = sourcecode.swift; path = StartGymViewController.swift; sourceTree = "<group>"; };
		84883C05229044AE001C42BE /* AVAudioPlayerUtil.swift */ = {isa = PBXFileReference; lastKnownFileType = sourcecode.swift; path = AVAudioPlayerUtil.swift; sourceTree = "<group>"; };
		84A36DE722905D9C005F98EB /* TrainingJudgement.swift */ = {isa = PBXFileReference; fileEncoding = 4; lastKnownFileType = sourcecode.swift; path = TrainingJudgement.swift; sourceTree = "<group>"; };
		84BBC8A42290034C009B9B95 /* muscle_news_iOS_front.app */ = {isa = PBXFileReference; explicitFileType = wrapper.application; includeInIndex = 0; path = muscle_news_iOS_front.app; sourceTree = BUILT_PRODUCTS_DIR; };
		84BBC8A72290034C009B9B95 /* AppDelegate.swift */ = {isa = PBXFileReference; lastKnownFileType = sourcecode.swift; path = AppDelegate.swift; sourceTree = "<group>"; };
		84BBC8A92290034C009B9B95 /* ViewController.swift */ = {isa = PBXFileReference; lastKnownFileType = sourcecode.swift; path = ViewController.swift; sourceTree = "<group>"; };
		84BBC8AE2290034D009B9B95 /* Assets.xcassets */ = {isa = PBXFileReference; lastKnownFileType = folder.assetcatalog; path = Assets.xcassets; sourceTree = "<group>"; };
		84BBC8B12290034D009B9B95 /* Base */ = {isa = PBXFileReference; lastKnownFileType = file.storyboard; name = Base; path = Base.lproj/LaunchScreen.storyboard; sourceTree = "<group>"; };
		84BBC8B32290034D009B9B95 /* Info.plist */ = {isa = PBXFileReference; lastKnownFileType = text.plist.xml; path = Info.plist; sourceTree = "<group>"; };
		84BBC8B82290034E009B9B95 /* muscle_news_iOS_frontTests.xctest */ = {isa = PBXFileReference; explicitFileType = wrapper.cfbundle; includeInIndex = 0; path = muscle_news_iOS_frontTests.xctest; sourceTree = BUILT_PRODUCTS_DIR; };
		84BBC8BC2290034E009B9B95 /* muscle_news_iOS_frontTests.swift */ = {isa = PBXFileReference; lastKnownFileType = sourcecode.swift; path = muscle_news_iOS_frontTests.swift; sourceTree = "<group>"; };
		84BBC8BE2290034E009B9B95 /* Info.plist */ = {isa = PBXFileReference; lastKnownFileType = text.plist.xml; path = Info.plist; sourceTree = "<group>"; };
		84BBC8C32290034E009B9B95 /* muscle_news_iOS_frontUITests.xctest */ = {isa = PBXFileReference; explicitFileType = wrapper.cfbundle; includeInIndex = 0; path = muscle_news_iOS_frontUITests.xctest; sourceTree = BUILT_PRODUCTS_DIR; };
		84BBC8C72290034E009B9B95 /* muscle_news_iOS_frontUITests.swift */ = {isa = PBXFileReference; lastKnownFileType = sourcecode.swift; path = muscle_news_iOS_frontUITests.swift; sourceTree = "<group>"; };
		84BBC8C92290034E009B9B95 /* Info.plist */ = {isa = PBXFileReference; lastKnownFileType = text.plist.xml; path = Info.plist; sourceTree = "<group>"; };
		8E77BD167A0A6ACFA6BE1E83 /* Pods-muscle_news_iOS_frontTests.debug.xcconfig */ = {isa = PBXFileReference; includeInIndex = 1; lastKnownFileType = text.xcconfig; name = "Pods-muscle_news_iOS_frontTests.debug.xcconfig"; path = "Pods/Target Support Files/Pods-muscle_news_iOS_frontTests/Pods-muscle_news_iOS_frontTests.debug.xcconfig"; sourceTree = "<group>"; };
		A363582DA2CB05D70267A77A /* Pods-muscle_news_iOS_frontTests.release.xcconfig */ = {isa = PBXFileReference; includeInIndex = 1; lastKnownFileType = text.xcconfig; name = "Pods-muscle_news_iOS_frontTests.release.xcconfig"; path = "Pods/Target Support Files/Pods-muscle_news_iOS_frontTests/Pods-muscle_news_iOS_frontTests.release.xcconfig"; sourceTree = "<group>"; };
		A8AE842C8423FE7FD66115D4 /* Pods_muscle_news_iOS_frontTests.framework */ = {isa = PBXFileReference; explicitFileType = wrapper.framework; includeInIndex = 0; path = Pods_muscle_news_iOS_frontTests.framework; sourceTree = BUILT_PRODUCTS_DIR; };
		D9DBBE5AF32D1568A0F63842 /* Pods-muscle_news_iOS_frontUITests.release.xcconfig */ = {isa = PBXFileReference; includeInIndex = 1; lastKnownFileType = text.xcconfig; name = "Pods-muscle_news_iOS_frontUITests.release.xcconfig"; path = "Pods/Target Support Files/Pods-muscle_news_iOS_frontUITests/Pods-muscle_news_iOS_frontUITests.release.xcconfig"; sourceTree = "<group>"; };
		F1EBBAED8C2830AE3F11C635 /* Pods-muscle_news_iOS_frontUITests.debug.xcconfig */ = {isa = PBXFileReference; includeInIndex = 1; lastKnownFileType = text.xcconfig; name = "Pods-muscle_news_iOS_frontUITests.debug.xcconfig"; path = "Pods/Target Support Files/Pods-muscle_news_iOS_frontUITests/Pods-muscle_news_iOS_frontUITests.debug.xcconfig"; sourceTree = "<group>"; };
/* End PBXFileReference section */

/* Begin PBXFrameworksBuildPhase section */
		84BBC8A12290034C009B9B95 /* Frameworks */ = {
			isa = PBXFrameworksBuildPhase;
			buildActionMask = 2147483647;
			files = (
				9698DC66417FE23BE1B166D9 /* Pods_muscle_news_iOS_front.framework in Frameworks */,
			);
			runOnlyForDeploymentPostprocessing = 0;
		};
		84BBC8B52290034E009B9B95 /* Frameworks */ = {
			isa = PBXFrameworksBuildPhase;
			buildActionMask = 2147483647;
			files = (
				6A5F737D64FF5B02248805C7 /* Pods_muscle_news_iOS_frontTests.framework in Frameworks */,
			);
			runOnlyForDeploymentPostprocessing = 0;
		};
		84BBC8C02290034E009B9B95 /* Frameworks */ = {
			isa = PBXFrameworksBuildPhase;
			buildActionMask = 2147483647;
			files = (
				7890E4EF8BFD59BF6CC053C9 /* Pods_muscle_news_iOS_frontUITests.framework in Frameworks */,
			);
			runOnlyForDeploymentPostprocessing = 0;
		};
/* End PBXFrameworksBuildPhase section */

/* Begin PBXGroup section */
		0D5C874022906E61002E45E1 /* Frameworks */ = {
			isa = PBXGroup;
			children = (
				65A639803A8745134CD10D3E /* Pods_muscle_news_iOS_front.framework */,
				A8AE842C8423FE7FD66115D4 /* Pods_muscle_news_iOS_frontTests.framework */,
				1A134ED66C8F4341B52F26D4 /* Pods_muscle_news_iOS_frontUITests.framework */,
			);
			name = Frameworks;
			sourceTree = "<group>";
		};
		1CE0B5CB4FB1919C7A0B35F8 /* Pods */ = {
			isa = PBXGroup;
			children = (
				1A693D7A508DDAF8DB6373BF /* Pods-muscle_news_iOS_front.debug.xcconfig */,
				5C67B006489D71AA70B04632 /* Pods-muscle_news_iOS_front.release.xcconfig */,
				8E77BD167A0A6ACFA6BE1E83 /* Pods-muscle_news_iOS_frontTests.debug.xcconfig */,
				A363582DA2CB05D70267A77A /* Pods-muscle_news_iOS_frontTests.release.xcconfig */,
				F1EBBAED8C2830AE3F11C635 /* Pods-muscle_news_iOS_frontUITests.debug.xcconfig */,
				D9DBBE5AF32D1568A0F63842 /* Pods-muscle_news_iOS_frontUITests.release.xcconfig */,
			);
			name = Pods;
			sourceTree = "<group>";
		};
		84BBC89B2290034C009B9B95 = {
			isa = PBXGroup;
			children = (
				84BBC8A62290034C009B9B95 /* muscle_news_iOS_front */,
				84BBC8BB2290034E009B9B95 /* muscle_news_iOS_frontTests */,
				84BBC8C62290034E009B9B95 /* muscle_news_iOS_frontUITests */,
				84BBC8A52290034C009B9B95 /* Products */,
				0D5C874022906E61002E45E1 /* Frameworks */,
				1CE0B5CB4FB1919C7A0B35F8 /* Pods */,
			);
			sourceTree = "<group>";
		};
		84BBC8A52290034C009B9B95 /* Products */ = {
			isa = PBXGroup;
			children = (
				84BBC8A42290034C009B9B95 /* muscle_news_iOS_front.app */,
				84BBC8B82290034E009B9B95 /* muscle_news_iOS_frontTests.xctest */,
				84BBC8C32290034E009B9B95 /* muscle_news_iOS_frontUITests.xctest */,
			);
			name = Products;
			sourceTree = "<group>";
		};
		84BBC8A62290034C009B9B95 /* muscle_news_iOS_front */ = {
			isa = PBXGroup;
			children = (
				84A36DE722905D9C005F98EB /* TrainingJudgement.swift */,
				53FB458E2290A18700EBB6A9 /* Squat.storyboard */,
				53F7F10722900BC2005798C7 /* Question.storyboard */,
				5302F503229014B80006473E /* MenuViewController.swift */,
				5302F502229014A30006473E /* Menu.storyboard */,
				53023F7E2290E33B002A4685 /* Category.storyboard */,
				53023F802290F656002A4685 /* CategoryViewController.swift */,
				53FB45902290A25E00EBB6A9 /* SquatViewController.swift */,
				0D5C873A22906CF9002E45E1 /* Api.swift */,
				0D5C873B22906CF9002E45E1 /* ApiClient.swift */,
				84BBC8A72290034C009B9B95 /* AppDelegate.swift */,
				84BBC8A92290034C009B9B95 /* ViewController.swift */,
				84BBC8AE2290034D009B9B95 /* Assets.xcassets */,
				84BBC8B02290034D009B9B95 /* LaunchScreen.storyboard */,
				84BBC8B32290034D009B9B95 /* Info.plist */,
				84883C0122901988001C42BE /* StartGym.storyboard */,
				84883C03229019A0001C42BE /* StartGymViewController.swift */,
				84883C05229044AE001C42BE /* AVAudioPlayerUtil.swift */,
			);
			path = muscle_news_iOS_front;
			sourceTree = "<group>";
		};
		84BBC8BB2290034E009B9B95 /* muscle_news_iOS_frontTests */ = {
			isa = PBXGroup;
			children = (
				84BBC8BC2290034E009B9B95 /* muscle_news_iOS_frontTests.swift */,
				84BBC8BE2290034E009B9B95 /* Info.plist */,
			);
			path = muscle_news_iOS_frontTests;
			sourceTree = "<group>";
		};
		84BBC8C62290034E009B9B95 /* muscle_news_iOS_frontUITests */ = {
			isa = PBXGroup;
			children = (
				84BBC8C72290034E009B9B95 /* muscle_news_iOS_frontUITests.swift */,
				84BBC8C92290034E009B9B95 /* Info.plist */,
			);
			path = muscle_news_iOS_frontUITests;
			sourceTree = "<group>";
		};
/* End PBXGroup section */

/* Begin PBXNativeTarget section */
		84BBC8A32290034C009B9B95 /* muscle_news_iOS_front */ = {
			isa = PBXNativeTarget;
			buildConfigurationList = 84BBC8CC2290034E009B9B95 /* Build configuration list for PBXNativeTarget "muscle_news_iOS_front" */;
			buildPhases = (
				1D228C00CD40AB4ED3BE1497 /* [CP] Check Pods Manifest.lock */,
				84BBC8A02290034C009B9B95 /* Sources */,
				84BBC8A12290034C009B9B95 /* Frameworks */,
				84BBC8A22290034C009B9B95 /* Resources */,
				4071A3CB30A42B6F499A7561 /* [CP] Embed Pods Frameworks */,
			);
			buildRules = (
			);
			dependencies = (
			);
			name = muscle_news_iOS_front;
			productName = muscle_news_iOS_front;
			productReference = 84BBC8A42290034C009B9B95 /* muscle_news_iOS_front.app */;
			productType = "com.apple.product-type.application";
		};
		84BBC8B72290034E009B9B95 /* muscle_news_iOS_frontTests */ = {
			isa = PBXNativeTarget;
			buildConfigurationList = 84BBC8CF2290034E009B9B95 /* Build configuration list for PBXNativeTarget "muscle_news_iOS_frontTests" */;
			buildPhases = (
				6ADD314EC1415E98A59D1ED6 /* [CP] Check Pods Manifest.lock */,
				84BBC8B42290034E009B9B95 /* Sources */,
				84BBC8B52290034E009B9B95 /* Frameworks */,
				84BBC8B62290034E009B9B95 /* Resources */,
				C74EB17711B66CAE34FD2A86 /* [CP] Embed Pods Frameworks */,
			);
			buildRules = (
			);
			dependencies = (
				84BBC8BA2290034E009B9B95 /* PBXTargetDependency */,
			);
			name = muscle_news_iOS_frontTests;
			productName = muscle_news_iOS_frontTests;
			productReference = 84BBC8B82290034E009B9B95 /* muscle_news_iOS_frontTests.xctest */;
			productType = "com.apple.product-type.bundle.unit-test";
		};
		84BBC8C22290034E009B9B95 /* muscle_news_iOS_frontUITests */ = {
			isa = PBXNativeTarget;
			buildConfigurationList = 84BBC8D22290034E009B9B95 /* Build configuration list for PBXNativeTarget "muscle_news_iOS_frontUITests" */;
			buildPhases = (
				C9C6C0BA7EBB7F6E36426641 /* [CP] Check Pods Manifest.lock */,
				84BBC8BF2290034E009B9B95 /* Sources */,
				84BBC8C02290034E009B9B95 /* Frameworks */,
				84BBC8C12290034E009B9B95 /* Resources */,
			);
			buildRules = (
			);
			dependencies = (
				84BBC8C52290034E009B9B95 /* PBXTargetDependency */,
			);
			name = muscle_news_iOS_frontUITests;
			productName = muscle_news_iOS_frontUITests;
			productReference = 84BBC8C32290034E009B9B95 /* muscle_news_iOS_frontUITests.xctest */;
			productType = "com.apple.product-type.bundle.ui-testing";
		};
/* End PBXNativeTarget section */

/* Begin PBXProject section */
		84BBC89C2290034C009B9B95 /* Project object */ = {
			isa = PBXProject;
			attributes = {
				LastSwiftUpdateCheck = 1020;
				LastUpgradeCheck = 1020;
				ORGANIZATIONNAME = admin;
				TargetAttributes = {
					84BBC8A32290034C009B9B95 = {
						CreatedOnToolsVersion = 10.2.1;
					};
					84BBC8B72290034E009B9B95 = {
						CreatedOnToolsVersion = 10.2.1;
						TestTargetID = 84BBC8A32290034C009B9B95;
					};
					84BBC8C22290034E009B9B95 = {
						CreatedOnToolsVersion = 10.2.1;
						TestTargetID = 84BBC8A32290034C009B9B95;
					};
				};
			};
			buildConfigurationList = 84BBC89F2290034C009B9B95 /* Build configuration list for PBXProject "muscle_news_iOS_front" */;
			compatibilityVersion = "Xcode 9.3";
			developmentRegion = en;
			hasScannedForEncodings = 0;
			knownRegions = (
				en,
				Base,
			);
			mainGroup = 84BBC89B2290034C009B9B95;
			productRefGroup = 84BBC8A52290034C009B9B95 /* Products */;
			projectDirPath = "";
			projectRoot = "";
			targets = (
				84BBC8A32290034C009B9B95 /* muscle_news_iOS_front */,
				84BBC8B72290034E009B9B95 /* muscle_news_iOS_frontTests */,
				84BBC8C22290034E009B9B95 /* muscle_news_iOS_frontUITests */,
			);
		};
/* End PBXProject section */

/* Begin PBXResourcesBuildPhase section */
		84BBC8A22290034C009B9B95 /* Resources */ = {
			isa = PBXResourcesBuildPhase;
			buildActionMask = 2147483647;
			files = (
				84BBC8B22290034D009B9B95 /* LaunchScreen.storyboard in Resources */,
				84883C0222901988001C42BE /* StartGym.storyboard in Resources */,
				84BBC8AF2290034D009B9B95 /* Assets.xcassets in Resources */,
				53023F7F2290E33B002A4685 /* Category.storyboard in Resources */,
				53FB458F2290A18800EBB6A9 /* Squat.storyboard in Resources */,
				53F7F10822900BC2005798C7 /* Question.storyboard in Resources */,
				5302F505229016E50006473E /* Menu.storyboard in Resources */,
			);
			runOnlyForDeploymentPostprocessing = 0;
		};
		84BBC8B62290034E009B9B95 /* Resources */ = {
			isa = PBXResourcesBuildPhase;
			buildActionMask = 2147483647;
			files = (
			);
			runOnlyForDeploymentPostprocessing = 0;
		};
		84BBC8C12290034E009B9B95 /* Resources */ = {
			isa = PBXResourcesBuildPhase;
			buildActionMask = 2147483647;
			files = (
			);
			runOnlyForDeploymentPostprocessing = 0;
		};
/* End PBXResourcesBuildPhase section */

/* Begin PBXShellScriptBuildPhase section */
		1D228C00CD40AB4ED3BE1497 /* [CP] Check Pods Manifest.lock */ = {
			isa = PBXShellScriptBuildPhase;
			buildActionMask = 2147483647;
			files = (
			);
			inputPaths = (
				"${PODS_PODFILE_DIR_PATH}/Podfile.lock",
				"${PODS_ROOT}/Manifest.lock",
			);
			name = "[CP] Check Pods Manifest.lock";
			outputPaths = (
				"$(DERIVED_FILE_DIR)/Pods-muscle_news_iOS_front-checkManifestLockResult.txt",
			);
			runOnlyForDeploymentPostprocessing = 0;
			shellPath = /bin/sh;
			shellScript = "diff \"${PODS_PODFILE_DIR_PATH}/Podfile.lock\" \"${PODS_ROOT}/Manifest.lock\" > /dev/null\nif [ $? != 0 ] ; then\n    # print error to STDERR\n    echo \"error: The sandbox is not in sync with the Podfile.lock. Run 'pod install' or update your CocoaPods installation.\" >&2\n    exit 1\nfi\n# This output is used by Xcode 'outputs' to avoid re-running this script phase.\necho \"SUCCESS\" > \"${SCRIPT_OUTPUT_FILE_0}\"\n";
			showEnvVarsInLog = 0;
		};
		4071A3CB30A42B6F499A7561 /* [CP] Embed Pods Frameworks */ = {
			isa = PBXShellScriptBuildPhase;
			buildActionMask = 2147483647;
			files = (
			);
			inputPaths = (
				"${PODS_ROOT}/Target Support Files/Pods-muscle_news_iOS_front/Pods-muscle_news_iOS_front-frameworks.sh",
				"${BUILT_PRODUCTS_DIR}/Alamofire/Alamofire.framework",
				"${BUILT_PRODUCTS_DIR}/ObjectMapper/ObjectMapper.framework",
				"${BUILT_PRODUCTS_DIR}/RxCocoa/RxCocoa.framework",
				"${BUILT_PRODUCTS_DIR}/RxRelay/RxRelay.framework",
				"${BUILT_PRODUCTS_DIR}/RxSwift/RxSwift.framework",
			);
			name = "[CP] Embed Pods Frameworks";
			outputPaths = (
				"${TARGET_BUILD_DIR}/${FRAMEWORKS_FOLDER_PATH}/Alamofire.framework",
				"${TARGET_BUILD_DIR}/${FRAMEWORKS_FOLDER_PATH}/ObjectMapper.framework",
				"${TARGET_BUILD_DIR}/${FRAMEWORKS_FOLDER_PATH}/RxCocoa.framework",
				"${TARGET_BUILD_DIR}/${FRAMEWORKS_FOLDER_PATH}/RxRelay.framework",
				"${TARGET_BUILD_DIR}/${FRAMEWORKS_FOLDER_PATH}/RxSwift.framework",
			);
			runOnlyForDeploymentPostprocessing = 0;
			shellPath = /bin/sh;
			shellScript = "\"${PODS_ROOT}/Target Support Files/Pods-muscle_news_iOS_front/Pods-muscle_news_iOS_front-frameworks.sh\"\n";
			showEnvVarsInLog = 0;
		};
		6ADD314EC1415E98A59D1ED6 /* [CP] Check Pods Manifest.lock */ = {
			isa = PBXShellScriptBuildPhase;
			buildActionMask = 2147483647;
			files = (
			);
			inputPaths = (
				"${PODS_PODFILE_DIR_PATH}/Podfile.lock",
				"${PODS_ROOT}/Manifest.lock",
			);
			name = "[CP] Check Pods Manifest.lock";
			outputPaths = (
				"$(DERIVED_FILE_DIR)/Pods-muscle_news_iOS_frontTests-checkManifestLockResult.txt",
			);
			runOnlyForDeploymentPostprocessing = 0;
			shellPath = /bin/sh;
			shellScript = "diff \"${PODS_PODFILE_DIR_PATH}/Podfile.lock\" \"${PODS_ROOT}/Manifest.lock\" > /dev/null\nif [ $? != 0 ] ; then\n    # print error to STDERR\n    echo \"error: The sandbox is not in sync with the Podfile.lock. Run 'pod install' or update your CocoaPods installation.\" >&2\n    exit 1\nfi\n# This output is used by Xcode 'outputs' to avoid re-running this script phase.\necho \"SUCCESS\" > \"${SCRIPT_OUTPUT_FILE_0}\"\n";
			showEnvVarsInLog = 0;
		};
		C74EB17711B66CAE34FD2A86 /* [CP] Embed Pods Frameworks */ = {
			isa = PBXShellScriptBuildPhase;
			buildActionMask = 2147483647;
			files = (
			);
			inputPaths = (
				"${PODS_ROOT}/Target Support Files/Pods-muscle_news_iOS_frontTests/Pods-muscle_news_iOS_frontTests-frameworks.sh",
				"${BUILT_PRODUCTS_DIR}/RxSwift/RxSwift.framework",
				"${BUILT_PRODUCTS_DIR}/RxBlocking/RxBlocking.framework",
				"${BUILT_PRODUCTS_DIR}/RxTest/RxTest.framework",
			);
			name = "[CP] Embed Pods Frameworks";
			outputPaths = (
				"${TARGET_BUILD_DIR}/${FRAMEWORKS_FOLDER_PATH}/RxSwift.framework",
				"${TARGET_BUILD_DIR}/${FRAMEWORKS_FOLDER_PATH}/RxBlocking.framework",
				"${TARGET_BUILD_DIR}/${FRAMEWORKS_FOLDER_PATH}/RxTest.framework",
			);
			runOnlyForDeploymentPostprocessing = 0;
			shellPath = /bin/sh;
			shellScript = "\"${PODS_ROOT}/Target Support Files/Pods-muscle_news_iOS_frontTests/Pods-muscle_news_iOS_frontTests-frameworks.sh\"\n";
			showEnvVarsInLog = 0;
		};
		C9C6C0BA7EBB7F6E36426641 /* [CP] Check Pods Manifest.lock */ = {
			isa = PBXShellScriptBuildPhase;
			buildActionMask = 2147483647;
			files = (
			);
			inputPaths = (
				"${PODS_PODFILE_DIR_PATH}/Podfile.lock",
				"${PODS_ROOT}/Manifest.lock",
			);
			name = "[CP] Check Pods Manifest.lock";
			outputPaths = (
				"$(DERIVED_FILE_DIR)/Pods-muscle_news_iOS_frontUITests-checkManifestLockResult.txt",
			);
			runOnlyForDeploymentPostprocessing = 0;
			shellPath = /bin/sh;
			shellScript = "diff \"${PODS_PODFILE_DIR_PATH}/Podfile.lock\" \"${PODS_ROOT}/Manifest.lock\" > /dev/null\nif [ $? != 0 ] ; then\n    # print error to STDERR\n    echo \"error: The sandbox is not in sync with the Podfile.lock. Run 'pod install' or update your CocoaPods installation.\" >&2\n    exit 1\nfi\n# This output is used by Xcode 'outputs' to avoid re-running this script phase.\necho \"SUCCESS\" > \"${SCRIPT_OUTPUT_FILE_0}\"\n";
			showEnvVarsInLog = 0;
		};
/* End PBXShellScriptBuildPhase section */

/* Begin PBXSourcesBuildPhase section */
		84BBC8A02290034C009B9B95 /* Sources */ = {
			isa = PBXSourcesBuildPhase;
			buildActionMask = 2147483647;
			files = (
				53023F812290F656002A4685 /* CategoryViewController.swift in Sources */,
				84BBC8AA2290034C009B9B95 /* ViewController.swift in Sources */,
				84883C06229044AE001C42BE /* AVAudioPlayerUtil.swift in Sources */,
				0D5C873D22906CF9002E45E1 /* ApiClient.swift in Sources */,
				84883C04229019A0001C42BE /* StartGymViewController.swift in Sources */,
				84A36DE822905D9C005F98EB /* TrainingJudgement.swift in Sources */,
				5302F504229016E10006473E /* MenuViewController.swift in Sources */,
				0D5C873C22906CF9002E45E1 /* Api.swift in Sources */,
				84BBC8A82290034C009B9B95 /* AppDelegate.swift in Sources */,
				53FB45912290A25E00EBB6A9 /* SquatViewController.swift in Sources */,
			);
			runOnlyForDeploymentPostprocessing = 0;
		};
		84BBC8B42290034E009B9B95 /* Sources */ = {
			isa = PBXSourcesBuildPhase;
			buildActionMask = 2147483647;
			files = (
				84BBC8BD2290034E009B9B95 /* muscle_news_iOS_frontTests.swift in Sources */,
			);
			runOnlyForDeploymentPostprocessing = 0;
		};
		84BBC8BF2290034E009B9B95 /* Sources */ = {
			isa = PBXSourcesBuildPhase;
			buildActionMask = 2147483647;
			files = (
				84BBC8C82290034E009B9B95 /* muscle_news_iOS_frontUITests.swift in Sources */,
			);
			runOnlyForDeploymentPostprocessing = 0;
		};
/* End PBXSourcesBuildPhase section */

/* Begin PBXTargetDependency section */
		84BBC8BA2290034E009B9B95 /* PBXTargetDependency */ = {
			isa = PBXTargetDependency;
			target = 84BBC8A32290034C009B9B95 /* muscle_news_iOS_front */;
			targetProxy = 84BBC8B92290034E009B9B95 /* PBXContainerItemProxy */;
		};
		84BBC8C52290034E009B9B95 /* PBXTargetDependency */ = {
			isa = PBXTargetDependency;
			target = 84BBC8A32290034C009B9B95 /* muscle_news_iOS_front */;
			targetProxy = 84BBC8C42290034E009B9B95 /* PBXContainerItemProxy */;
		};
/* End PBXTargetDependency section */

/* Begin PBXVariantGroup section */
		84BBC8B02290034D009B9B95 /* LaunchScreen.storyboard */ = {
			isa = PBXVariantGroup;
			children = (
				84BBC8B12290034D009B9B95 /* Base */,
			);
			name = LaunchScreen.storyboard;
			sourceTree = "<group>";
		};
/* End PBXVariantGroup section */

/* Begin XCBuildConfiguration section */
		84BBC8CA2290034E009B9B95 /* Debug */ = {
			isa = XCBuildConfiguration;
			buildSettings = {
				ALWAYS_SEARCH_USER_PATHS = NO;
				CLANG_ANALYZER_NONNULL = YES;
				CLANG_ANALYZER_NUMBER_OBJECT_CONVERSION = YES_AGGRESSIVE;
				CLANG_CXX_LANGUAGE_STANDARD = "gnu++14";
				CLANG_CXX_LIBRARY = "libc++";
				CLANG_ENABLE_MODULES = YES;
				CLANG_ENABLE_OBJC_ARC = YES;
				CLANG_ENABLE_OBJC_WEAK = YES;
				CLANG_WARN_BLOCK_CAPTURE_AUTORELEASING = YES;
				CLANG_WARN_BOOL_CONVERSION = YES;
				CLANG_WARN_COMMA = YES;
				CLANG_WARN_CONSTANT_CONVERSION = YES;
				CLANG_WARN_DEPRECATED_OBJC_IMPLEMENTATIONS = YES;
				CLANG_WARN_DIRECT_OBJC_ISA_USAGE = YES_ERROR;
				CLANG_WARN_DOCUMENTATION_COMMENTS = YES;
				CLANG_WARN_EMPTY_BODY = YES;
				CLANG_WARN_ENUM_CONVERSION = YES;
				CLANG_WARN_INFINITE_RECURSION = YES;
				CLANG_WARN_INT_CONVERSION = YES;
				CLANG_WARN_NON_LITERAL_NULL_CONVERSION = YES;
				CLANG_WARN_OBJC_IMPLICIT_RETAIN_SELF = YES;
				CLANG_WARN_OBJC_LITERAL_CONVERSION = YES;
				CLANG_WARN_OBJC_ROOT_CLASS = YES_ERROR;
				CLANG_WARN_RANGE_LOOP_ANALYSIS = YES;
				CLANG_WARN_STRICT_PROTOTYPES = YES;
				CLANG_WARN_SUSPICIOUS_MOVE = YES;
				CLANG_WARN_UNGUARDED_AVAILABILITY = YES_AGGRESSIVE;
				CLANG_WARN_UNREACHABLE_CODE = YES;
				CLANG_WARN__DUPLICATE_METHOD_MATCH = YES;
				CODE_SIGN_IDENTITY = "iPhone Developer";
				COPY_PHASE_STRIP = NO;
				DEBUG_INFORMATION_FORMAT = dwarf;
				ENABLE_STRICT_OBJC_MSGSEND = YES;
				ENABLE_TESTABILITY = YES;
				GCC_C_LANGUAGE_STANDARD = gnu11;
				GCC_DYNAMIC_NO_PIC = NO;
				GCC_NO_COMMON_BLOCKS = YES;
				GCC_OPTIMIZATION_LEVEL = 0;
				GCC_PREPROCESSOR_DEFINITIONS = (
					"DEBUG=1",
					"$(inherited)",
				);
				GCC_WARN_64_TO_32_BIT_CONVERSION = YES;
				GCC_WARN_ABOUT_RETURN_TYPE = YES_ERROR;
				GCC_WARN_UNDECLARED_SELECTOR = YES;
				GCC_WARN_UNINITIALIZED_AUTOS = YES_AGGRESSIVE;
				GCC_WARN_UNUSED_FUNCTION = YES;
				GCC_WARN_UNUSED_VARIABLE = YES;
				IPHONEOS_DEPLOYMENT_TARGET = 12.2;
				MTL_ENABLE_DEBUG_INFO = INCLUDE_SOURCE;
				MTL_FAST_MATH = YES;
				ONLY_ACTIVE_ARCH = YES;
				SDKROOT = iphoneos;
				SWIFT_ACTIVE_COMPILATION_CONDITIONS = DEBUG;
				SWIFT_OPTIMIZATION_LEVEL = "-Onone";
			};
			name = Debug;
		};
		84BBC8CB2290034E009B9B95 /* Release */ = {
			isa = XCBuildConfiguration;
			buildSettings = {
				ALWAYS_SEARCH_USER_PATHS = NO;
				CLANG_ANALYZER_NONNULL = YES;
				CLANG_ANALYZER_NUMBER_OBJECT_CONVERSION = YES_AGGRESSIVE;
				CLANG_CXX_LANGUAGE_STANDARD = "gnu++14";
				CLANG_CXX_LIBRARY = "libc++";
				CLANG_ENABLE_MODULES = YES;
				CLANG_ENABLE_OBJC_ARC = YES;
				CLANG_ENABLE_OBJC_WEAK = YES;
				CLANG_WARN_BLOCK_CAPTURE_AUTORELEASING = YES;
				CLANG_WARN_BOOL_CONVERSION = YES;
				CLANG_WARN_COMMA = YES;
				CLANG_WARN_CONSTANT_CONVERSION = YES;
				CLANG_WARN_DEPRECATED_OBJC_IMPLEMENTATIONS = YES;
				CLANG_WARN_DIRECT_OBJC_ISA_USAGE = YES_ERROR;
				CLANG_WARN_DOCUMENTATION_COMMENTS = YES;
				CLANG_WARN_EMPTY_BODY = YES;
				CLANG_WARN_ENUM_CONVERSION = YES;
				CLANG_WARN_INFINITE_RECURSION = YES;
				CLANG_WARN_INT_CONVERSION = YES;
				CLANG_WARN_NON_LITERAL_NULL_CONVERSION = YES;
				CLANG_WARN_OBJC_IMPLICIT_RETAIN_SELF = YES;
				CLANG_WARN_OBJC_LITERAL_CONVERSION = YES;
				CLANG_WARN_OBJC_ROOT_CLASS = YES_ERROR;
				CLANG_WARN_RANGE_LOOP_ANALYSIS = YES;
				CLANG_WARN_STRICT_PROTOTYPES = YES;
				CLANG_WARN_SUSPICIOUS_MOVE = YES;
				CLANG_WARN_UNGUARDED_AVAILABILITY = YES_AGGRESSIVE;
				CLANG_WARN_UNREACHABLE_CODE = YES;
				CLANG_WARN__DUPLICATE_METHOD_MATCH = YES;
				CODE_SIGN_IDENTITY = "iPhone Developer";
				COPY_PHASE_STRIP = NO;
				DEBUG_INFORMATION_FORMAT = "dwarf-with-dsym";
				ENABLE_NS_ASSERTIONS = NO;
				ENABLE_STRICT_OBJC_MSGSEND = YES;
				GCC_C_LANGUAGE_STANDARD = gnu11;
				GCC_NO_COMMON_BLOCKS = YES;
				GCC_WARN_64_TO_32_BIT_CONVERSION = YES;
				GCC_WARN_ABOUT_RETURN_TYPE = YES_ERROR;
				GCC_WARN_UNDECLARED_SELECTOR = YES;
				GCC_WARN_UNINITIALIZED_AUTOS = YES_AGGRESSIVE;
				GCC_WARN_UNUSED_FUNCTION = YES;
				GCC_WARN_UNUSED_VARIABLE = YES;
				IPHONEOS_DEPLOYMENT_TARGET = 12.2;
				MTL_ENABLE_DEBUG_INFO = NO;
				MTL_FAST_MATH = YES;
				SDKROOT = iphoneos;
				SWIFT_COMPILATION_MODE = wholemodule;
				SWIFT_OPTIMIZATION_LEVEL = "-O";
				VALIDATE_PRODUCT = YES;
			};
			name = Release;
		};
		84BBC8CD2290034E009B9B95 /* Debug */ = {
			isa = XCBuildConfiguration;
			baseConfigurationReference = 1A693D7A508DDAF8DB6373BF /* Pods-muscle_news_iOS_front.debug.xcconfig */;
			buildSettings = {
				ASSETCATALOG_COMPILER_APPICON_NAME = AppIcon;
				CODE_SIGN_STYLE = Automatic;
				DEVELOPMENT_TEAM = XSMX25A839;
				FRAMEWORK_SEARCH_PATHS = "$(inherited)";
				INFOPLIST_FILE = muscle_news_iOS_front/Info.plist;
				LD_RUNPATH_SEARCH_PATHS = (
					"$(inherited)",
					"@executable_path/Frameworks",
				);
				PRODUCT_BUNDLE_IDENTIFIER = "ABC.muscle-news-iOS-front";
				PRODUCT_NAME = "$(TARGET_NAME)";
				SWIFT_VERSION = 5.0;
				TARGETED_DEVICE_FAMILY = "1,2";
			};
			name = Debug;
		};
		84BBC8CE2290034E009B9B95 /* Release */ = {
			isa = XCBuildConfiguration;
			baseConfigurationReference = 5C67B006489D71AA70B04632 /* Pods-muscle_news_iOS_front.release.xcconfig */;
			buildSettings = {
				ASSETCATALOG_COMPILER_APPICON_NAME = AppIcon;
				CODE_SIGN_STYLE = Automatic;
				DEVELOPMENT_TEAM = XSMX25A839;
				FRAMEWORK_SEARCH_PATHS = "$(inherited)";
				INFOPLIST_FILE = muscle_news_iOS_front/Info.plist;
				LD_RUNPATH_SEARCH_PATHS = (
					"$(inherited)",
					"@executable_path/Frameworks",
				);
				PRODUCT_BUNDLE_IDENTIFIER = "ABC.muscle-news-iOS-front";
				PRODUCT_NAME = "$(TARGET_NAME)";
				SWIFT_VERSION = 5.0;
				TARGETED_DEVICE_FAMILY = "1,2";
			};
			name = Release;
		};
		84BBC8D02290034E009B9B95 /* Debug */ = {
			isa = XCBuildConfiguration;
			baseConfigurationReference = 8E77BD167A0A6ACFA6BE1E83 /* Pods-muscle_news_iOS_frontTests.debug.xcconfig */;
			buildSettings = {
				ALWAYS_EMBED_SWIFT_STANDARD_LIBRARIES = YES;
				BUNDLE_LOADER = "$(TEST_HOST)";
				CODE_SIGN_STYLE = Automatic;
				INFOPLIST_FILE = muscle_news_iOS_frontTests/Info.plist;
				LD_RUNPATH_SEARCH_PATHS = (
					"$(inherited)",
					"@executable_path/Frameworks",
					"@loader_path/Frameworks",
				);
				PRODUCT_BUNDLE_IDENTIFIER = "ABC.muscle-news-iOS-frontTests";
				PRODUCT_NAME = "$(TARGET_NAME)";
				SWIFT_VERSION = 5.0;
				TARGETED_DEVICE_FAMILY = "1,2";
				TEST_HOST = "$(BUILT_PRODUCTS_DIR)/muscle_news_iOS_front.app/muscle_news_iOS_front";
			};
			name = Debug;
		};
		84BBC8D12290034E009B9B95 /* Release */ = {
			isa = XCBuildConfiguration;
			baseConfigurationReference = A363582DA2CB05D70267A77A /* Pods-muscle_news_iOS_frontTests.release.xcconfig */;
			buildSettings = {
				ALWAYS_EMBED_SWIFT_STANDARD_LIBRARIES = YES;
				BUNDLE_LOADER = "$(TEST_HOST)";
				CODE_SIGN_STYLE = Automatic;
				INFOPLIST_FILE = muscle_news_iOS_frontTests/Info.plist;
				LD_RUNPATH_SEARCH_PATHS = (
					"$(inherited)",
					"@executable_path/Frameworks",
					"@loader_path/Frameworks",
				);
				PRODUCT_BUNDLE_IDENTIFIER = "ABC.muscle-news-iOS-frontTests";
				PRODUCT_NAME = "$(TARGET_NAME)";
				SWIFT_VERSION = 5.0;
				TARGETED_DEVICE_FAMILY = "1,2";
				TEST_HOST = "$(BUILT_PRODUCTS_DIR)/muscle_news_iOS_front.app/muscle_news_iOS_front";
			};
			name = Release;
		};
		84BBC8D32290034E009B9B95 /* Debug */ = {
			isa = XCBuildConfiguration;
			baseConfigurationReference = F1EBBAED8C2830AE3F11C635 /* Pods-muscle_news_iOS_frontUITests.debug.xcconfig */;
			buildSettings = {
				ALWAYS_EMBED_SWIFT_STANDARD_LIBRARIES = YES;
				CODE_SIGN_STYLE = Automatic;
				INFOPLIST_FILE = muscle_news_iOS_frontUITests/Info.plist;
				LD_RUNPATH_SEARCH_PATHS = (
					"$(inherited)",
					"@executable_path/Frameworks",
					"@loader_path/Frameworks",
				);
				PRODUCT_BUNDLE_IDENTIFIER = "ABC.muscle-news-iOS-frontUITests";
				PRODUCT_NAME = "$(TARGET_NAME)";
				SWIFT_VERSION = 5.0;
				TARGETED_DEVICE_FAMILY = "1,2";
				TEST_TARGET_NAME = muscle_news_iOS_front;
			};
			name = Debug;
		};
		84BBC8D42290034E009B9B95 /* Release */ = {
			isa = XCBuildConfiguration;
			baseConfigurationReference = D9DBBE5AF32D1568A0F63842 /* Pods-muscle_news_iOS_frontUITests.release.xcconfig */;
			buildSettings = {
				ALWAYS_EMBED_SWIFT_STANDARD_LIBRARIES = YES;
				CODE_SIGN_STYLE = Automatic;
				INFOPLIST_FILE = muscle_news_iOS_frontUITests/Info.plist;
				LD_RUNPATH_SEARCH_PATHS = (
					"$(inherited)",
					"@executable_path/Frameworks",
					"@loader_path/Frameworks",
				);
				PRODUCT_BUNDLE_IDENTIFIER = "ABC.muscle-news-iOS-frontUITests";
				PRODUCT_NAME = "$(TARGET_NAME)";
				SWIFT_VERSION = 5.0;
				TARGETED_DEVICE_FAMILY = "1,2";
				TEST_TARGET_NAME = muscle_news_iOS_front;
			};
			name = Release;
		};
/* End XCBuildConfiguration section */

/* Begin XCConfigurationList section */
		84BBC89F2290034C009B9B95 /* Build configuration list for PBXProject "muscle_news_iOS_front" */ = {
			isa = XCConfigurationList;
			buildConfigurations = (
				84BBC8CA2290034E009B9B95 /* Debug */,
				84BBC8CB2290034E009B9B95 /* Release */,
			);
			defaultConfigurationIsVisible = 0;
			defaultConfigurationName = Release;
		};
		84BBC8CC2290034E009B9B95 /* Build configuration list for PBXNativeTarget "muscle_news_iOS_front" */ = {
			isa = XCConfigurationList;
			buildConfigurations = (
				84BBC8CD2290034E009B9B95 /* Debug */,
				84BBC8CE2290034E009B9B95 /* Release */,
			);
			defaultConfigurationIsVisible = 0;
			defaultConfigurationName = Release;
		};
		84BBC8CF2290034E009B9B95 /* Build configuration list for PBXNativeTarget "muscle_news_iOS_frontTests" */ = {
			isa = XCConfigurationList;
			buildConfigurations = (
				84BBC8D02290034E009B9B95 /* Debug */,
				84BBC8D12290034E009B9B95 /* Release */,
			);
			defaultConfigurationIsVisible = 0;
			defaultConfigurationName = Release;
		};
		84BBC8D22290034E009B9B95 /* Build configuration list for PBXNativeTarget "muscle_news_iOS_frontUITests" */ = {
			isa = XCConfigurationList;
			buildConfigurations = (
				84BBC8D32290034E009B9B95 /* Debug */,
				84BBC8D42290034E009B9B95 /* Release */,
			);
			defaultConfigurationIsVisible = 0;
			defaultConfigurationName = Release;
		};
/* End XCConfigurationList section */
	};
	rootObject = 84BBC89C2290034C009B9B95 /* Project object */;
}
