// !$*UTF8*$!
{
	archiveVersion = 1;
	classes = {
	};
	objectVersion = 50;
	objects = {

/* Begin PBXBuildFile section */
		5302F504229016E10006473E /* MenuViewController.swift in Sources */ = {isa = PBXBuildFile; fileRef = 5302F503229014B80006473E /* MenuViewController.swift */; };
		5302F505229016E50006473E /* Menu.storyboard in Resources */ = {isa = PBXBuildFile; fileRef = 5302F502229014A30006473E /* Menu.storyboard */; };
		53F7F10822900BC2005798C7 /* Question.storyboard in Resources */ = {isa = PBXBuildFile; fileRef = 53F7F10722900BC2005798C7 /* Question.storyboard */; };
		84883C0222901988001C42BE /* StartGym.storyboard in Resources */ = {isa = PBXBuildFile; fileRef = 84883C0122901988001C42BE /* StartGym.storyboard */; };
		84883C04229019A0001C42BE /* StartGymViewController.swift in Sources */ = {isa = PBXBuildFile; fileRef = 84883C03229019A0001C42BE /* StartGymViewController.swift */; };
		84883C06229044AE001C42BE /* ReadingSound.swift in Sources */ = {isa = PBXBuildFile; fileRef = 84883C05229044AE001C42BE /* ReadingSound.swift */; };
		84883C082290513A001C42BE /* test.mp3 in Resources */ = {isa = PBXBuildFile; fileRef = 84883C072290513A001C42BE /* test.mp3 */; };
		84883C0A229055E4001C42BE /* TrainingJudgement_demo.swift in Sources */ = {isa = PBXBuildFile; fileRef = 84883C09229055E4001C42BE /* TrainingJudgement_demo.swift */; };
		84A36DE822905D9C005F98EB /* TrainingJudgement.swift in Sources */ = {isa = PBXBuildFile; fileRef = 84A36DE722905D9C005F98EB /* TrainingJudgement.swift */; };
		84BBC8A82290034C009B9B95 /* AppDelegate.swift in Sources */ = {isa = PBXBuildFile; fileRef = 84BBC8A72290034C009B9B95 /* AppDelegate.swift */; };
		84BBC8AA2290034C009B9B95 /* ViewController.swift in Sources */ = {isa = PBXBuildFile; fileRef = 84BBC8A92290034C009B9B95 /* ViewController.swift */; };
		84BBC8AF2290034D009B9B95 /* Assets.xcassets in Resources */ = {isa = PBXBuildFile; fileRef = 84BBC8AE2290034D009B9B95 /* Assets.xcassets */; };
		84BBC8B22290034D009B9B95 /* LaunchScreen.storyboard in Resources */ = {isa = PBXBuildFile; fileRef = 84BBC8B02290034D009B9B95 /* LaunchScreen.storyboard */; };
		84BBC8BD2290034E009B9B95 /* muscle_news_iOS_frontTests.swift in Sources */ = {isa = PBXBuildFile; fileRef = 84BBC8BC2290034E009B9B95 /* muscle_news_iOS_frontTests.swift */; };
		84BBC8C82290034E009B9B95 /* muscle_news_iOS_frontUITests.swift in Sources */ = {isa = PBXBuildFile; fileRef = 84BBC8C72290034E009B9B95 /* muscle_news_iOS_frontUITests.swift */; };
/* End PBXBuildFile section */

/* Begin PBXContainerItemProxy section */
		84BBC8B92290034E009B9B95 /* PBXContainerItemProxy */ = {
			isa = PBXContainerItemProxy;
			containerPortal = 84BBC89C2290034C009B9B95 /* Project object */;
			proxyType = 1;
			remoteGlobalIDString = 84BBC8A32290034C009B9B95;
			remoteInfo = muscle_news_iOS_front;
		};
		84BBC8C42290034E009B9B95 /* PBXContainerItemProxy */ = {
			isa = PBXContainerItemProxy;
			containerPortal = 84BBC89C2290034C009B9B95 /* Project object */;
			proxyType = 1;
			remoteGlobalIDString = 84BBC8A32290034C009B9B95;
			remoteInfo = muscle_news_iOS_front;
		};
/* End PBXContainerItemProxy section */

/* Begin PBXFileReference section */
		5302F502229014A30006473E /* Menu.storyboard */ = {isa = PBXFileReference; lastKnownFileType = file.storyboard; path = Menu.storyboard; sourceTree = "<group>"; };
		5302F503229014B80006473E /* MenuViewController.swift */ = {isa = PBXFileReference; lastKnownFileType = sourcecode.swift; path = MenuViewController.swift; sourceTree = "<group>"; };
		53F7F10722900BC2005798C7 /* Question.storyboard */ = {isa = PBXFileReference; lastKnownFileType = file.storyboard; path = Question.storyboard; sourceTree = "<group>"; };
		84883C0122901988001C42BE /* StartGym.storyboard */ = {isa = PBXFileReference; lastKnownFileType = file.storyboard; path = StartGym.storyboard; sourceTree = "<group>"; };
		84883C03229019A0001C42BE /* StartGymViewController.swift */ = {isa = PBXFileReference; lastKnownFileType = sourcecode.swift; path = StartGymViewController.swift; sourceTree = "<group>"; };
		84883C05229044AE001C42BE /* ReadingSound.swift */ = {isa = PBXFileReference; lastKnownFileType = sourcecode.swift; path = ReadingSound.swift; sourceTree = "<group>"; };
		84883C072290513A001C42BE /* test.mp3 */ = {isa = PBXFileReference; lastKnownFileType = audio.mp3; name = test.mp3; path = ../../../Desktop/test.mp3; sourceTree = "<group>"; };
		84883C09229055E4001C42BE /* TrainingJudgement_demo.swift */ = {isa = PBXFileReference; lastKnownFileType = sourcecode.swift; path = TrainingJudgement_demo.swift; sourceTree = "<group>"; };
		84A36DE722905D9C005F98EB /* TrainingJudgement.swift */ = {isa = PBXFileReference; fileEncoding = 4; lastKnownFileType = sourcecode.swift; path = TrainingJudgement.swift; sourceTree = "<group>"; };
		84BBC8A42290034C009B9B95 /* muscle_news_iOS_front.app */ = {isa = PBXFileReference; explicitFileType = wrapper.application; includeInIndex = 0; path = muscle_news_iOS_front.app; sourceTree = BUILT_PRODUCTS_DIR; };
		84BBC8A72290034C009B9B95 /* AppDelegate.swift */ = {isa = PBXFileReference; lastKnownFileType = sourcecode.swift; path = AppDelegate.swift; sourceTree = "<group>"; };
		84BBC8A92290034C009B9B95 /* ViewController.swift */ = {isa = PBXFileReference; lastKnownFileType = sourcecode.swift; path = ViewController.swift; sourceTree = "<group>"; };
		84BBC8AE2290034D009B9B95 /* Assets.xcassets */ = {isa = PBXFileReference; lastKnownFileType = folder.assetcatalog; path = Assets.xcassets; sourceTree = "<group>"; };
		84BBC8B12290034D009B9B95 /* Base */ = {isa = PBXFileReference; lastKnownFileType = file.storyboard; name = Base; path = Base.lproj/LaunchScreen.storyboard; sourceTree = "<group>"; };
		84BBC8B32290034D009B9B95 /* Info.plist */ = {isa = PBXFileReference; lastKnownFileType = text.plist.xml; path = Info.plist; sourceTree = "<group>"; };
		84BBC8B82290034E009B9B95 /* muscle_news_iOS_frontTests.xctest */ = {isa = PBXFileReference; explicitFileType = wrapper.cfbundle; includeInIndex = 0; path = muscle_news_iOS_frontTests.xctest; sourceTree = BUILT_PRODUCTS_DIR; };
		84BBC8BC2290034E009B9B95 /* muscle_news_iOS_frontTests.swift */ = {isa = PBXFileReference; lastKnownFileType = sourcecode.swift; path = muscle_news_iOS_frontTests.swift; sourceTree = "<group>"; };
		84BBC8BE2290034E009B9B95 /* Info.plist */ = {isa = PBXFileReference; lastKnownFileType = text.plist.xml; path = Info.plist; sourceTree = "<group>"; };
		84BBC8C32290034E009B9B95 /* muscle_news_iOS_frontUITests.xctest */ = {isa = PBXFileReference; explicitFileType = wrapper.cfbundle; includeInIndex = 0; path = muscle_news_iOS_frontUITests.xctest; sourceTree = BUILT_PRODUCTS_DIR; };
		84BBC8C72290034E009B9B95 /* muscle_news_iOS_frontUITests.swift */ = {isa = PBXFileReference; lastKnownFileType = sourcecode.swift; path = muscle_news_iOS_frontUITests.swift; sourceTree = "<group>"; };
		84BBC8C92290034E009B9B95 /* Info.plist */ = {isa = PBXFileReference; lastKnownFileType = text.plist.xml; path = Info.plist; sourceTree = "<group>"; };
/* End PBXFileReference section */

/* Begin PBXFrameworksBuildPhase section */
		84BBC8A12290034C009B9B95 /* Frameworks */ = {
			isa = PBXFrameworksBuildPhase;
			buildActionMask = 2147483647;
			files = (
			);
			runOnlyForDeploymentPostprocessing = 0;
		};
		84BBC8B52290034E009B9B95 /* Frameworks */ = {
			isa = PBXFrameworksBuildPhase;
			buildActionMask = 2147483647;
			files = (
			);
			runOnlyForDeploymentPostprocessing = 0;
		};
		84BBC8C02290034E009B9B95 /* Frameworks */ = {
			isa = PBXFrameworksBuildPhase;
			buildActionMask = 2147483647;
			files = (
			);
			runOnlyForDeploymentPostprocessing = 0;
		};
/* End PBXFrameworksBuildPhase section */

/* Begin PBXGroup section */
		84BBC89B2290034C009B9B95 = {
			isa = PBXGroup;
			children = (
				84BBC8A62290034C009B9B95 /* muscle_news_iOS_front */,
				84BBC8BB2290034E009B9B95 /* muscle_news_iOS_frontTests */,
				84BBC8C62290034E009B9B95 /* muscle_news_iOS_frontUITests */,
				84BBC8A52290034C009B9B95 /* Products */,
			);
			sourceTree = "<group>";
		};
		84BBC8A52290034C009B9B95 /* Products */ = {
			isa = PBXGroup;
			children = (
				84BBC8A42290034C009B9B95 /* muscle_news_iOS_front.app */,
				84BBC8B82290034E009B9B95 /* muscle_news_iOS_frontTests.xctest */,
				84BBC8C32290034E009B9B95 /* muscle_news_iOS_frontUITests.xctest */,
			);
			name = Products;
			sourceTree = "<group>";
		};
		84BBC8A62290034C009B9B95 /* muscle_news_iOS_front */ = {
			isa = PBXGroup;
			children = (
				84A36DE722905D9C005F98EB /* TrainingJudgement.swift */,
				53F7F10722900BC2005798C7 /* Question.storyboard */,
				5302F503229014B80006473E /* MenuViewController.swift */,
				5302F502229014A30006473E /* Menu.storyboard */,
				84BBC8A72290034C009B9B95 /* AppDelegate.swift */,
				84BBC8A92290034C009B9B95 /* ViewController.swift */,
				84BBC8AE2290034D009B9B95 /* Assets.xcassets */,
				84BBC8B02290034D009B9B95 /* LaunchScreen.storyboard */,
				84BBC8B32290034D009B9B95 /* Info.plist */,
				84883C0122901988001C42BE /* StartGym.storyboard */,
				84883C03229019A0001C42BE /* StartGymViewController.swift */,
				84883C05229044AE001C42BE /* ReadingSound.swift */,
				84883C072290513A001C42BE /* test.mp3 */,
				84883C09229055E4001C42BE /* TrainingJudgement_demo.swift */,
			);
			path = muscle_news_iOS_front;
			sourceTree = "<group>";
		};
		84BBC8BB2290034E009B9B95 /* muscle_news_iOS_frontTests */ = {
			isa = PBXGroup;
			children = (
				84BBC8BC2290034E009B9B95 /* muscle_news_iOS_frontTests.swift */,
				84BBC8BE2290034E009B9B95 /* Info.plist */,
			);
			path = muscle_news_iOS_frontTests;
			sourceTree = "<group>";
		};
		84BBC8C62290034E009B9B95 /* muscle_news_iOS_frontUITests */ = {
			isa = PBXGroup;
			children = (
				84BBC8C72290034E009B9B95 /* muscle_news_iOS_frontUITests.swift */,
				84BBC8C92290034E009B9B95 /* Info.plist */,
			);
			path = muscle_news_iOS_frontUITests;
			sourceTree = "<group>";
		};
/* End PBXGroup section */

/* Begin PBXNativeTarget section */
		84BBC8A32290034C009B9B95 /* muscle_news_iOS_front */ = {
			isa = PBXNativeTarget;
			buildConfigurationList = 84BBC8CC2290034E009B9B95 /* Build configuration list for PBXNativeTarget "muscle_news_iOS_front" */;
			buildPhases = (
				84BBC8A02290034C009B9B95 /* Sources */,
				84BBC8A12290034C009B9B95 /* Frameworks */,
				84BBC8A22290034C009B9B95 /* Resources */,
			);
			buildRules = (
			);
			dependencies = (
			);
			name = muscle_news_iOS_front;
			productName = muscle_news_iOS_front;
			productReference = 84BBC8A42290034C009B9B95 /* muscle_news_iOS_front.app */;
			productType = "com.apple.product-type.application";
		};
		84BBC8B72290034E009B9B95 /* muscle_news_iOS_frontTests */ = {
			isa = PBXNativeTarget;
			buildConfigurationList = 84BBC8CF2290034E009B9B95 /* Build configuration list for PBXNativeTarget "muscle_news_iOS_frontTests" */;
			buildPhases = (
				84BBC8B42290034E009B9B95 /* Sources */,
				84BBC8B52290034E009B9B95 /* Frameworks */,
				84BBC8B62290034E009B9B95 /* Resources */,
			);
			buildRules = (
			);
			dependencies = (
				84BBC8BA2290034E009B9B95 /* PBXTargetDependency */,
			);
			name = muscle_news_iOS_frontTests;
			productName = muscle_news_iOS_frontTests;
			productReference = 84BBC8B82290034E009B9B95 /* muscle_news_iOS_frontTests.xctest */;
			productType = "com.apple.product-type.bundle.unit-test";
		};
		84BBC8C22290034E009B9B95 /* muscle_news_iOS_frontUITests */ = {
			isa = PBXNativeTarget;
			buildConfigurationList = 84BBC8D22290034E009B9B95 /* Build configuration list for PBXNativeTarget "muscle_news_iOS_frontUITests" */;
			buildPhases = (
				84BBC8BF2290034E009B9B95 /* Sources */,
				84BBC8C02290034E009B9B95 /* Frameworks */,
				84BBC8C12290034E009B9B95 /* Resources */,
			);
			buildRules = (
			);
			dependencies = (
				84BBC8C52290034E009B9B95 /* PBXTargetDependency */,
			);
			name = muscle_news_iOS_frontUITests;
			productName = muscle_news_iOS_frontUITests;
			productReference = 84BBC8C32290034E009B9B95 /* muscle_news_iOS_frontUITests.xctest */;
			productType = "com.apple.product-type.bundle.ui-testing";
		};
/* End PBXNativeTarget section */

/* Begin PBXProject section */
		84BBC89C2290034C009B9B95 /* Project object */ = {
			isa = PBXProject;
			attributes = {
				LastSwiftUpdateCheck = 1020;
				LastUpgradeCheck = 1020;
				ORGANIZATIONNAME = admin;
				TargetAttributes = {
					84BBC8A32290034C009B9B95 = {
						CreatedOnToolsVersion = 10.2.1;
					};
					84BBC8B72290034E009B9B95 = {
						CreatedOnToolsVersion = 10.2.1;
						TestTargetID = 84BBC8A32290034C009B9B95;
					};
					84BBC8C22290034E009B9B95 = {
						CreatedOnToolsVersion = 10.2.1;
						TestTargetID = 84BBC8A32290034C009B9B95;
					};
				};
			};
			buildConfigurationList = 84BBC89F2290034C009B9B95 /* Build configuration list for PBXProject "muscle_news_iOS_front" */;
			compatibilityVersion = "Xcode 9.3";
			developmentRegion = en;
			hasScannedForEncodings = 0;
			knownRegions = (
				en,
				Base,
			);
			mainGroup = 84BBC89B2290034C009B9B95;
			productRefGroup = 84BBC8A52290034C009B9B95 /* Products */;
			projectDirPath = "";
			projectRoot = "";
			targets = (
				84BBC8A32290034C009B9B95 /* muscle_news_iOS_front */,
				84BBC8B72290034E009B9B95 /* muscle_news_iOS_frontTests */,
				84BBC8C22290034E009B9B95 /* muscle_news_iOS_frontUITests */,
			);
		};
/* End PBXProject section */

/* Begin PBXResourcesBuildPhase section */
		84BBC8A22290034C009B9B95 /* Resources */ = {
			isa = PBXResourcesBuildPhase;
			buildActionMask = 2147483647;
			files = (
				84BBC8B22290034D009B9B95 /* LaunchScreen.storyboard in Resources */,
				84883C0222901988001C42BE /* StartGym.storyboard in Resources */,
				84883C082290513A001C42BE /* test.mp3 in Resources */,
				84BBC8AF2290034D009B9B95 /* Assets.xcassets in Resources */,
				53F7F10822900BC2005798C7 /* Question.storyboard in Resources */,
				5302F505229016E50006473E /* Menu.storyboard in Resources */,
			);
			runOnlyForDeploymentPostprocessing = 0;
		};
		84BBC8B62290034E009B9B95 /* Resources */ = {
			isa = PBXResourcesBuildPhase;
			buildActionMask = 2147483647;
			files = (
			);
			runOnlyForDeploymentPostprocessing = 0;
		};
		84BBC8C12290034E009B9B95 /* Resources */ = {
			isa = PBXResourcesBuildPhase;
			buildActionMask = 2147483647;
			files = (
			);
			runOnlyForDeploymentPostprocessing = 0;
		};
/* End PBXResourcesBuildPhase section */

/* Begin PBXSourcesBuildPhase section */
		84BBC8A02290034C009B9B95 /* Sources */ = {
			isa = PBXSourcesBuildPhase;
			buildActionMask = 2147483647;
			files = (
				84BBC8AA2290034C009B9B95 /* ViewController.swift in Sources */,
				84883C06229044AE001C42BE /* ReadingSound.swift in Sources */,
				84883C04229019A0001C42BE /* StartGymViewController.swift in Sources */,
				84A36DE822905D9C005F98EB /* TrainingJudgement.swift in Sources */,
				5302F504229016E10006473E /* MenuViewController.swift in Sources */,
				84883C0A229055E4001C42BE /* TrainingJudgement_demo.swift in Sources */,
				84BBC8A82290034C009B9B95 /* AppDelegate.swift in Sources */,
			);
			runOnlyForDeploymentPostprocessing = 0;
		};
		84BBC8B42290034E009B9B95 /* Sources */ = {
			isa = PBXSourcesBuildPhase;
			buildActionMask = 2147483647;
			files = (
				84BBC8BD2290034E009B9B95 /* muscle_news_iOS_frontTests.swift in Sources */,
			);
			runOnlyForDeploymentPostprocessing = 0;
		};
		84BBC8BF2290034E009B9B95 /* Sources */ = {
			isa = PBXSourcesBuildPhase;
			buildActionMask = 2147483647;
			files = (
				84BBC8C82290034E009B9B95 /* muscle_news_iOS_frontUITests.swift in Sources */,
			);
			runOnlyForDeploymentPostprocessing = 0;
		};
/* End PBXSourcesBuildPhase section */

/* Begin PBXTargetDependency section */
		84BBC8BA2290034E009B9B95 /* PBXTargetDependency */ = {
			isa = PBXTargetDependency;
			target = 84BBC8A32290034C009B9B95 /* muscle_news_iOS_front */;
			targetProxy = 84BBC8B92290034E009B9B95 /* PBXContainerItemProxy */;
		};
		84BBC8C52290034E009B9B95 /* PBXTargetDependency */ = {
			isa = PBXTargetDependency;
			target = 84BBC8A32290034C009B9B95 /* muscle_news_iOS_front */;
			targetProxy = 84BBC8C42290034E009B9B95 /* PBXContainerItemProxy */;
		};
/* End PBXTargetDependency section */

/* Begin PBXVariantGroup section */
		84BBC8B02290034D009B9B95 /* LaunchScreen.storyboard */ = {
			isa = PBXVariantGroup;
			children = (
				84BBC8B12290034D009B9B95 /* Base */,
			);
			name = LaunchScreen.storyboard;
			sourceTree = "<group>";
		};
/* End PBXVariantGroup section */

/* Begin XCBuildConfiguration section */
		84BBC8CA2290034E009B9B95 /* Debug */ = {
			isa = XCBuildConfiguration;
			buildSettings = {
				ALWAYS_SEARCH_USER_PATHS = NO;
				CLANG_ANALYZER_NONNULL = YES;
				CLANG_ANALYZER_NUMBER_OBJECT_CONVERSION = YES_AGGRESSIVE;
				CLANG_CXX_LANGUAGE_STANDARD = "gnu++14";
				CLANG_CXX_LIBRARY = "libc++";
				CLANG_ENABLE_MODULES = YES;
				CLANG_ENABLE_OBJC_ARC = YES;
				CLANG_ENABLE_OBJC_WEAK = YES;
				CLANG_WARN_BLOCK_CAPTURE_AUTORELEASING = YES;
				CLANG_WARN_BOOL_CONVERSION = YES;
				CLANG_WARN_COMMA = YES;
				CLANG_WARN_CONSTANT_CONVERSION = YES;
				CLANG_WARN_DEPRECATED_OBJC_IMPLEMENTATIONS = YES;
				CLANG_WARN_DIRECT_OBJC_ISA_USAGE = YES_ERROR;
				CLANG_WARN_DOCUMENTATION_COMMENTS = YES;
				CLANG_WARN_EMPTY_BODY = YES;
				CLANG_WARN_ENUM_CONVERSION = YES;
				CLANG_WARN_INFINITE_RECURSION = YES;
				CLANG_WARN_INT_CONVERSION = YES;
				CLANG_WARN_NON_LITERAL_NULL_CONVERSION = YES;
				CLANG_WARN_OBJC_IMPLICIT_RETAIN_SELF = YES;
				CLANG_WARN_OBJC_LITERAL_CONVERSION = YES;
				CLANG_WARN_OBJC_ROOT_CLASS = YES_ERROR;
				CLANG_WARN_RANGE_LOOP_ANALYSIS = YES;
				CLANG_WARN_STRICT_PROTOTYPES = YES;
				CLANG_WARN_SUSPICIOUS_MOVE = YES;
				CLANG_WARN_UNGUARDED_AVAILABILITY = YES_AGGRESSIVE;
				CLANG_WARN_UNREACHABLE_CODE = YES;
				CLANG_WARN__DUPLICATE_METHOD_MATCH = YES;
				CODE_SIGN_IDENTITY = "iPhone Developer";
				COPY_PHASE_STRIP = NO;
				DEBUG_INFORMATION_FORMAT = dwarf;
				ENABLE_STRICT_OBJC_MSGSEND = YES;
				ENABLE_TESTABILITY = YES;
				GCC_C_LANGUAGE_STANDARD = gnu11;
				GCC_DYNAMIC_NO_PIC = NO;
				GCC_NO_COMMON_BLOCKS = YES;
				GCC_OPTIMIZATION_LEVEL = 0;
				GCC_PREPROCESSOR_DEFINITIONS = (
					"DEBUG=1",
					"$(inherited)",
				);
				GCC_WARN_64_TO_32_BIT_CONVERSION = YES;
				GCC_WARN_ABOUT_RETURN_TYPE = YES_ERROR;
				GCC_WARN_UNDECLARED_SELECTOR = YES;
				GCC_WARN_UNINITIALIZED_AUTOS = YES_AGGRESSIVE;
				GCC_WARN_UNUSED_FUNCTION = YES;
				GCC_WARN_UNUSED_VARIABLE = YES;
				IPHONEOS_DEPLOYMENT_TARGET = 12.2;
				MTL_ENABLE_DEBUG_INFO = INCLUDE_SOURCE;
				MTL_FAST_MATH = YES;
				ONLY_ACTIVE_ARCH = YES;
				SDKROOT = iphoneos;
				SWIFT_ACTIVE_COMPILATION_CONDITIONS = DEBUG;
				SWIFT_OPTIMIZATION_LEVEL = "-Onone";
			};
			name = Debug;
		};
		84BBC8CB2290034E009B9B95 /* Release */ = {
			isa = XCBuildConfiguration;
			buildSettings = {
				ALWAYS_SEARCH_USER_PATHS = NO;
				CLANG_ANALYZER_NONNULL = YES;
				CLANG_ANALYZER_NUMBER_OBJECT_CONVERSION = YES_AGGRESSIVE;
				CLANG_CXX_LANGUAGE_STANDARD = "gnu++14";
				CLANG_CXX_LIBRARY = "libc++";
				CLANG_ENABLE_MODULES = YES;
				CLANG_ENABLE_OBJC_ARC = YES;
				CLANG_ENABLE_OBJC_WEAK = YES;
				CLANG_WARN_BLOCK_CAPTURE_AUTORELEASING = YES;
				CLANG_WARN_BOOL_CONVERSION = YES;
				CLANG_WARN_COMMA = YES;
				CLANG_WARN_CONSTANT_CONVERSION = YES;
				CLANG_WARN_DEPRECATED_OBJC_IMPLEMENTATIONS = YES;
				CLANG_WARN_DIRECT_OBJC_ISA_USAGE = YES_ERROR;
				CLANG_WARN_DOCUMENTATION_COMMENTS = YES;
				CLANG_WARN_EMPTY_BODY = YES;
				CLANG_WARN_ENUM_CONVERSION = YES;
				CLANG_WARN_INFINITE_RECURSION = YES;
				CLANG_WARN_INT_CONVERSION = YES;
				CLANG_WARN_NON_LITERAL_NULL_CONVERSION = YES;
				CLANG_WARN_OBJC_IMPLICIT_RETAIN_SELF = YES;
				CLANG_WARN_OBJC_LITERAL_CONVERSION = YES;
				CLANG_WARN_OBJC_ROOT_CLASS = YES_ERROR;
				CLANG_WARN_RANGE_LOOP_ANALYSIS = YES;
				CLANG_WARN_STRICT_PROTOTYPES = YES;
				CLANG_WARN_SUSPICIOUS_MOVE = YES;
				CLANG_WARN_UNGUARDED_AVAILABILITY = YES_AGGRESSIVE;
				CLANG_WARN_UNREACHABLE_CODE = YES;
				CLANG_WARN__DUPLICATE_METHOD_MATCH = YES;
				CODE_SIGN_IDENTITY = "iPhone Developer";
				COPY_PHASE_STRIP = NO;
				DEBUG_INFORMATION_FORMAT = "dwarf-with-dsym";
				ENABLE_NS_ASSERTIONS = NO;
				ENABLE_STRICT_OBJC_MSGSEND = YES;
				GCC_C_LANGUAGE_STANDARD = gnu11;
				GCC_NO_COMMON_BLOCKS = YES;
				GCC_WARN_64_TO_32_BIT_CONVERSION = YES;
				GCC_WARN_ABOUT_RETURN_TYPE = YES_ERROR;
				GCC_WARN_UNDECLARED_SELECTOR = YES;
				GCC_WARN_UNINITIALIZED_AUTOS = YES_AGGRESSIVE;
				GCC_WARN_UNUSED_FUNCTION = YES;
				GCC_WARN_UNUSED_VARIABLE = YES;
				IPHONEOS_DEPLOYMENT_TARGET = 12.2;
				MTL_ENABLE_DEBUG_INFO = NO;
				MTL_FAST_MATH = YES;
				SDKROOT = iphoneos;
				SWIFT_COMPILATION_MODE = wholemodule;
				SWIFT_OPTIMIZATION_LEVEL = "-O";
				VALIDATE_PRODUCT = YES;
			};
			name = Release;
		};
		84BBC8CD2290034E009B9B95 /* Debug */ = {
			isa = XCBuildConfiguration;
			buildSettings = {
				ASSETCATALOG_COMPILER_APPICON_NAME = AppIcon;
				CODE_SIGN_STYLE = Automatic;
				INFOPLIST_FILE = muscle_news_iOS_front/Info.plist;
				LD_RUNPATH_SEARCH_PATHS = (
					"$(inherited)",
					"@executable_path/Frameworks",
				);
				PRODUCT_BUNDLE_IDENTIFIER = "ABC.muscle-news-iOS-front";
				PRODUCT_NAME = "$(TARGET_NAME)";
				SWIFT_VERSION = 5.0;
				TARGETED_DEVICE_FAMILY = "1,2";
			};
			name = Debug;
		};
		84BBC8CE2290034E009B9B95 /* Release */ = {
			isa = XCBuildConfiguration;
			buildSettings = {
				ASSETCATALOG_COMPILER_APPICON_NAME = AppIcon;
				CODE_SIGN_STYLE = Automatic;
				INFOPLIST_FILE = muscle_news_iOS_front/Info.plist;
				LD_RUNPATH_SEARCH_PATHS = (
					"$(inherited)",
					"@executable_path/Frameworks",
				);
				PRODUCT_BUNDLE_IDENTIFIER = "ABC.muscle-news-iOS-front";
				PRODUCT_NAME = "$(TARGET_NAME)";
				SWIFT_VERSION = 5.0;
				TARGETED_DEVICE_FAMILY = "1,2";
			};
			name = Release;
		};
		84BBC8D02290034E009B9B95 /* Debug */ = {
			isa = XCBuildConfiguration;
			buildSettings = {
				ALWAYS_EMBED_SWIFT_STANDARD_LIBRARIES = YES;
				BUNDLE_LOADER = "$(TEST_HOST)";
				CODE_SIGN_STYLE = Automatic;
				INFOPLIST_FILE = muscle_news_iOS_frontTests/Info.plist;
				LD_RUNPATH_SEARCH_PATHS = (
					"$(inherited)",
					"@executable_path/Frameworks",
					"@loader_path/Frameworks",
				);
				PRODUCT_BUNDLE_IDENTIFIER = "ABC.muscle-news-iOS-frontTests";
				PRODUCT_NAME = "$(TARGET_NAME)";
				SWIFT_VERSION = 5.0;
				TARGETED_DEVICE_FAMILY = "1,2";
				TEST_HOST = "$(BUILT_PRODUCTS_DIR)/muscle_news_iOS_front.app/muscle_news_iOS_front";
			};
			name = Debug;
		};
		84BBC8D12290034E009B9B95 /* Release */ = {
			isa = XCBuildConfiguration;
			buildSettings = {
				ALWAYS_EMBED_SWIFT_STANDARD_LIBRARIES = YES;
				BUNDLE_LOADER = "$(TEST_HOST)";
				CODE_SIGN_STYLE = Automatic;
				INFOPLIST_FILE = muscle_news_iOS_frontTests/Info.plist;
				LD_RUNPATH_SEARCH_PATHS = (
					"$(inherited)",
					"@executable_path/Frameworks",
					"@loader_path/Frameworks",
				);
				PRODUCT_BUNDLE_IDENTIFIER = "ABC.muscle-news-iOS-frontTests";
				PRODUCT_NAME = "$(TARGET_NAME)";
				SWIFT_VERSION = 5.0;
				TARGETED_DEVICE_FAMILY = "1,2";
				TEST_HOST = "$(BUILT_PRODUCTS_DIR)/muscle_news_iOS_front.app/muscle_news_iOS_front";
			};
			name = Release;
		};
		84BBC8D32290034E009B9B95 /* Debug */ = {
			isa = XCBuildConfiguration;
			buildSettings = {
				ALWAYS_EMBED_SWIFT_STANDARD_LIBRARIES = YES;
				CODE_SIGN_STYLE = Automatic;
				INFOPLIST_FILE = muscle_news_iOS_frontUITests/Info.plist;
				LD_RUNPATH_SEARCH_PATHS = (
					"$(inherited)",
					"@executable_path/Frameworks",
					"@loader_path/Frameworks",
				);
				PRODUCT_BUNDLE_IDENTIFIER = "ABC.muscle-news-iOS-frontUITests";
				PRODUCT_NAME = "$(TARGET_NAME)";
				SWIFT_VERSION = 5.0;
				TARGETED_DEVICE_FAMILY = "1,2";
				TEST_TARGET_NAME = muscle_news_iOS_front;
			};
			name = Debug;
		};
		84BBC8D42290034E009B9B95 /* Release */ = {
			isa = XCBuildConfiguration;
			buildSettings = {
				ALWAYS_EMBED_SWIFT_STANDARD_LIBRARIES = YES;
				CODE_SIGN_STYLE = Automatic;
				INFOPLIST_FILE = muscle_news_iOS_frontUITests/Info.plist;
				LD_RUNPATH_SEARCH_PATHS = (
					"$(inherited)",
					"@executable_path/Frameworks",
					"@loader_path/Frameworks",
				);
				PRODUCT_BUNDLE_IDENTIFIER = "ABC.muscle-news-iOS-frontUITests";
				PRODUCT_NAME = "$(TARGET_NAME)";
				SWIFT_VERSION = 5.0;
				TARGETED_DEVICE_FAMILY = "1,2";
				TEST_TARGET_NAME = muscle_news_iOS_front;
			};
			name = Release;
		};
/* End XCBuildConfiguration section */

/* Begin XCConfigurationList section */
		84BBC89F2290034C009B9B95 /* Build configuration list for PBXProject "muscle_news_iOS_front" */ = {
			isa = XCConfigurationList;
			buildConfigurations = (
				84BBC8CA2290034E009B9B95 /* Debug */,
				84BBC8CB2290034E009B9B95 /* Release */,
			);
			defaultConfigurationIsVisible = 0;
			defaultConfigurationName = Release;
		};
		84BBC8CC2290034E009B9B95 /* Build configuration list for PBXNativeTarget "muscle_news_iOS_front" */ = {
			isa = XCConfigurationList;
			buildConfigurations = (
				84BBC8CD2290034E009B9B95 /* Debug */,
				84BBC8CE2290034E009B9B95 /* Release */,
			);
			defaultConfigurationIsVisible = 0;
			defaultConfigurationName = Release;
		};
		84BBC8CF2290034E009B9B95 /* Build configuration list for PBXNativeTarget "muscle_news_iOS_frontTests" */ = {
			isa = XCConfigurationList;
			buildConfigurations = (
				84BBC8D02290034E009B9B95 /* Debug */,
				84BBC8D12290034E009B9B95 /* Release */,
			);
			defaultConfigurationIsVisible = 0;
			defaultConfigurationName = Release;
		};
		84BBC8D22290034E009B9B95 /* Build configuration list for PBXNativeTarget "muscle_news_iOS_frontUITests" */ = {
			isa = XCConfigurationList;
			buildConfigurations = (
				84BBC8D32290034E009B9B95 /* Debug */,
				84BBC8D42290034E009B9B95 /* Release */,
			);
			defaultConfigurationIsVisible = 0;
			defaultConfigurationName = Release;
		};
/* End XCConfigurationList section */
	};
	rootObject = 84BBC89C2290034C009B9B95 /* Project object */;
}
